
Microsoft Visual Studio Solution File, Format Version 12.00
# Visual Studio 15
VisualStudioVersion = 15.0.27130.2010
MinimumVisualStudioVersion = 10.0.40219.1
Project("{FAE04EC0-301F-11D3-BF4B-00C04F79EFBC}") = "BlackjackSimulator", "BlackjackSimulator\BlackjackSimulator.csproj", "{D773BEE1-D49C-49BC-8B5C-B5A1E96CAD1F}"
EndProject
Global
	GlobalSection(SolutionConfigurationPlatforms) = preSolution
		Debug|Any CPU = Debug|Any CPU
		Release|Any CPU = Release|Any CPU
	EndGlobalSection
	GlobalSection(ProjectConfigurationPlatforms) = postSolution
		{D773BEE1-D49C-49BC-8B5C-B5A1E96CAD1F}.Debug|Any CPU.ActiveCfg = Debug|Any CPU
		{D773BEE1-D49C-49BC-8B5C-B5A1E96CAD1F}.Debug|Any CPU.Build.0 = Debug|Any CPU
		{D773BEE1-D49C-49BC-8B5C-B5A1E96CAD1F}.Release|Any CPU.ActiveCfg = Release|Any CPU
		{D773BEE1-D49C-49BC-8B5C-B5A1E96CAD1F}.Release|Any CPU.Build.0 = Release|Any CPU
	EndGlobalSection
	GlobalSection(SolutionProperties) = preSolution
		HideSolutionNode = FALSE
	EndGlobalSection
	GlobalSection(ExtensibilityGlobals) = postSolution
		SolutionGuid = {98349872-121A-4B20-A7EA-B6942F1AEA1A}
	EndGlobalSection
EndGlobal
